
Microsoft Visual Studio Solution File, Format Version 12.00
# Visual Studio Version 17
VisualStudioVersion = 17.0.32126.317
MinimumVisualStudioVersion = 10.0.40219.1
Project("{FAE04EC0-301F-11D3-BF4B-00C04F79EFBC}") = "InventoryUI", "InventoryUI.csproj", "{51FAFDB3-CAA2-4AEE-9845-F5CAC5A8D388}"
EndProject
Global
	GlobalSection(SolutionConfigurationPlatforms) = preSolution
		Debug|Any CPU = Debug|Any CPU
		Release|Any CPU = Release|Any CPU
	EndGlobalSection
	GlobalSection(ProjectConfigurationPlatforms) = postSolution
		{51FAFDB3-CAA2-4AEE-9845-F5CAC5A8D388}.Debug|Any CPU.ActiveCfg = Debug|Any CPU
		{51FAFDB3-CAA2-4AEE-9845-F5CAC5A8D388}.Debug|Any CPU.Build.0 = Debug|Any CPU
		{51FAFDB3-CAA2-4AEE-9845-F5CAC5A8D388}.Release|Any CPU.ActiveCfg = Release|Any CPU
		{51FAFDB3-CAA2-4AEE-9845-F5CAC5A8D388}.Release|Any CPU.Build.0 = Release|Any CPU
	EndGlobalSection
	GlobalSection(SolutionProperties) = preSolution
		HideSolutionNode = FALSE
	EndGlobalSection
	GlobalSection(ExtensibilityGlobals) = postSolution
		SolutionGuid = {0A0EB82E-D957-4EA5-9574-415371D9DCC1}
	EndGlobalSection
EndGlobal
